
Microsoft Visual Studio Solution File, Format Version 12.00
# Visual Studio Version 17
VisualStudioVersion = 17.7.34024.191
MinimumVisualStudioVersion = 10.0.40219.1
Project("{8BC9CEB8-8B4A-11D0-8D11-00A0C91BC942}") = "105-WritingToTheConsole", "101-WritingToTheConsole\101-WritingToTheConsole.vcxproj", "{CA195B56-3726-49D9-91EB-3DF826229840}"
EndProject
Project("{8BC9CEB8-8B4A-11D0-8D11-00A0C91BC942}") = "101-Variables", "101-Variables\101-Variables.vcxproj", "{5E972D2F-3B27-4122-97D5-1C6EFA2C2330}"
EndProject
Project("{8BC9CEB8-8B4A-11D0-8D11-00A0C91BC942}") = "107-ReadingTheKeyboard", "107-ReadingTheKeyboard\107-ReadingTheKeyboard.vcxproj", "{74C01BBB-22C3-496F-A2F5-2905836F61A4}"
EndProject
Project("{8BC9CEB8-8B4A-11D0-8D11-00A0C91BC942}") = "102-Sizeof", "102-Sizeof\102-Sizeof.vcxproj", "{79F139D4-A544-45AD-9CA0-B1A09942F80C}"
EndProject
Project("{8BC9CEB8-8B4A-11D0-8D11-00A0C91BC942}") = "IntegerFun", "IntegerFun\IntegerFun.vcxproj", "{7D3633C2-266F-4905-A106-7EEB58DF54D6}"
EndProject
Project("{8BC9CEB8-8B4A-11D0-8D11-00A0C91BC942}") = "FloatingFun", "FloatingFun\FloatingFun.vcxproj", "{CAED681F-5F54-4367-ACDE-A9B0C25E9387}"
EndProject
Project("{8BC9CEB8-8B4A-11D0-8D11-00A0C91BC942}") = "Arithmetic", "Arithmetic\Arithmetic.vcxproj", "{2C5DD28F-6535-429D-A58B-3CB78959990F}"
EndProject
Global
	GlobalSection(SolutionConfigurationPlatforms) = preSolution
		Debug|x64 = Debug|x64
		Debug|x86 = Debug|x86
		Release|x64 = Release|x64
		Release|x86 = Release|x86
	EndGlobalSection
	GlobalSection(ProjectConfigurationPlatforms) = postSolution
		{CA195B56-3726-49D9-91EB-3DF826229840}.Debug|x64.ActiveCfg = Debug|x64
		{CA195B56-3726-49D9-91EB-3DF826229840}.Debug|x64.Build.0 = Debug|x64
		{CA195B56-3726-49D9-91EB-3DF826229840}.Debug|x86.ActiveCfg = Debug|Win32
		{CA195B56-3726-49D9-91EB-3DF826229840}.Debug|x86.Build.0 = Debug|Win32
		{CA195B56-3726-49D9-91EB-3DF826229840}.Release|x64.ActiveCfg = Release|x64
		{CA195B56-3726-49D9-91EB-3DF826229840}.Release|x64.Build.0 = Release|x64
		{CA195B56-3726-49D9-91EB-3DF826229840}.Release|x86.ActiveCfg = Release|Win32
		{CA195B56-3726-49D9-91EB-3DF826229840}.Release|x86.Build.0 = Release|Win32
		{5E972D2F-3B27-4122-97D5-1C6EFA2C2330}.Debug|x64.ActiveCfg = Debug|x64
		{5E972D2F-3B27-4122-97D5-1C6EFA2C2330}.Debug|x64.Build.0 = Debug|x64
		{5E972D2F-3B27-4122-97D5-1C6EFA2C2330}.Debug|x86.ActiveCfg = Debug|Win32
		{5E972D2F-3B27-4122-97D5-1C6EFA2C2330}.Debug|x86.Build.0 = Debug|Win32
		{5E972D2F-3B27-4122-97D5-1C6EFA2C2330}.Release|x64.ActiveCfg = Release|x64
		{5E972D2F-3B27-4122-97D5-1C6EFA2C2330}.Release|x64.Build.0 = Release|x64
		{5E972D2F-3B27-4122-97D5-1C6EFA2C2330}.Release|x86.ActiveCfg = Release|Win32
		{5E972D2F-3B27-4122-97D5-1C6EFA2C2330}.Release|x86.Build.0 = Release|Win32
		{74C01BBB-22C3-496F-A2F5-2905836F61A4}.Debug|x64.ActiveCfg = Debug|x64
		{74C01BBB-22C3-496F-A2F5-2905836F61A4}.Debug|x64.Build.0 = Debug|x64
		{74C01BBB-22C3-496F-A2F5-2905836F61A4}.Debug|x86.ActiveCfg = Debug|Win32
		{74C01BBB-22C3-496F-A2F5-2905836F61A4}.Debug|x86.Build.0 = Debug|Win32
		{74C01BBB-22C3-496F-A2F5-2905836F61A4}.Release|x64.ActiveCfg = Release|x64
		{74C01BBB-22C3-496F-A2F5-2905836F61A4}.Release|x64.Build.0 = Release|x64
		{74C01BBB-22C3-496F-A2F5-2905836F61A4}.Release|x86.ActiveCfg = Release|Win32
		{74C01BBB-22C3-496F-A2F5-2905836F61A4}.Release|x86.Build.0 = Release|Win32
		{79F139D4-A544-45AD-9CA0-B1A09942F80C}.Debug|x64.ActiveCfg = Debug|x64
		{79F139D4-A544-45AD-9CA0-B1A09942F80C}.Debug|x64.Build.0 = Debug|x64
		{79F139D4-A544-45AD-9CA0-B1A09942F80C}.Debug|x86.ActiveCfg = Debug|Win32
		{79F139D4-A544-45AD-9CA0-B1A09942F80C}.Debug|x86.Build.0 = Debug|Win32
		{79F139D4-A544-45AD-9CA0-B1A09942F80C}.Release|x64.ActiveCfg = Release|x64
		{79F139D4-A544-45AD-9CA0-B1A09942F80C}.Release|x64.Build.0 = Release|x64
		{79F139D4-A544-45AD-9CA0-B1A09942F80C}.Release|x86.ActiveCfg = Release|Win32
		{79F139D4-A544-45AD-9CA0-B1A09942F80C}.Release|x86.Build.0 = Release|Win32
		{7D3633C2-266F-4905-A106-7EEB58DF54D6}.Debug|x64.ActiveCfg = Debug|x64
		{7D3633C2-266F-4905-A106-7EEB58DF54D6}.Debug|x64.Build.0 = Debug|x64
		{7D3633C2-266F-4905-A106-7EEB58DF54D6}.Debug|x86.ActiveCfg = Debug|Win32
		{7D3633C2-266F-4905-A106-7EEB58DF54D6}.Debug|x86.Build.0 = Debug|Win32
		{7D3633C2-266F-4905-A106-7EEB58DF54D6}.Release|x64.ActiveCfg = Release|x64
		{7D3633C2-266F-4905-A106-7EEB58DF54D6}.Release|x64.Build.0 = Release|x64
		{7D3633C2-266F-4905-A106-7EEB58DF54D6}.Release|x86.ActiveCfg = Release|Win32
		{7D3633C2-266F-4905-A106-7EEB58DF54D6}.Release|x86.Build.0 = Release|Win32
		{CAED681F-5F54-4367-ACDE-A9B0C25E9387}.Debug|x64.ActiveCfg = Debug|x64
		{CAED681F-5F54-4367-ACDE-A9B0C25E9387}.Debug|x64.Build.0 = Debug|x64
		{CAED681F-5F54-4367-ACDE-A9B0C25E9387}.Debug|x86.ActiveCfg = Debug|Win32
		{CAED681F-5F54-4367-ACDE-A9B0C25E9387}.Debug|x86.Build.0 = Debug|Win32
		{CAED681F-5F54-4367-ACDE-A9B0C25E9387}.Release|x64.ActiveCfg = Release|x64
		{CAED681F-5F54-4367-ACDE-A9B0C25E9387}.Release|x64.Build.0 = Release|x64
		{CAED681F-5F54-4367-ACDE-A9B0C25E9387}.Release|x86.ActiveCfg = Release|Win32
		{CAED681F-5F54-4367-ACDE-A9B0C25E9387}.Release|x86.Build.0 = Release|Win32
		{2C5DD28F-6535-429D-A58B-3CB78959990F}.Debug|x64.ActiveCfg = Debug|x64
		{2C5DD28F-6535-429D-A58B-3CB78959990F}.Debug|x64.Build.0 = Debug|x64
		{2C5DD28F-6535-429D-A58B-3CB78959990F}.Debug|x86.ActiveCfg = Debug|Win32
		{2C5DD28F-6535-429D-A58B-3CB78959990F}.Debug|x86.Build.0 = Debug|Win32
		{2C5DD28F-6535-429D-A58B-3CB78959990F}.Release|x64.ActiveCfg = Release|x64
		{2C5DD28F-6535-429D-A58B-3CB78959990F}.Release|x64.Build.0 = Release|x64
		{2C5DD28F-6535-429D-A58B-3CB78959990F}.Release|x86.ActiveCfg = Release|Win32
		{2C5DD28F-6535-429D-A58B-3CB78959990F}.Release|x86.Build.0 = Release|Win32
	EndGlobalSection
	GlobalSection(SolutionProperties) = preSolution
		HideSolutionNode = FALSE
	EndGlobalSection
	GlobalSection(ExtensibilityGlobals) = postSolution
		SolutionGuid = {B36A3E1D-2C4E-48A9-B7EF-D24D410A9F00}
	EndGlobalSection
EndGlobal
